
Microsoft Visual Studio Solution File, Format Version 12.00
# Visual Studio Version 17
VisualStudioVersion = 17.5.002.0
MinimumVisualStudioVersion = 10.0.40219.1
Project("{2150E333-8FDC-42A3-9474-1A3956D46DE8}") = "Intro", "Intro", "{C532140E-0BDC-498E-A389-5C49C20E8A37}"
EndProject
Project("{2150E333-8FDC-42A3-9474-1A3956D46DE8}") = "hello-world-examples", "hello-world-examples", "{5ABBC6D0-7B4D-49C2-8146-804AB6F72272}"
EndProject
Project("{9A19103F-16F7-4668-BE54-9A1E7A4F7556}") = "openai-sdk-dotnet", "Intro\hello-world-examples\openai-sdk-dotnet\openai-sdk-dotnet.csproj", "{5F99CD27-67FE-4A07-9E51-E351DCC2AD4D}"
EndProject
Global
	GlobalSection(SolutionConfigurationPlatforms) = preSolution
		Debug|Any CPU = Debug|Any CPU
		Release|Any CPU = Release|Any CPU
	EndGlobalSection
	GlobalSection(ProjectConfigurationPlatforms) = postSolution
		{5F99CD27-67FE-4A07-9E51-E351DCC2AD4D}.Debug|Any CPU.ActiveCfg = Debug|Any CPU
		{5F99CD27-67FE-4A07-9E51-E351DCC2AD4D}.Debug|Any CPU.Build.0 = Debug|Any CPU
		{5F99CD27-67FE-4A07-9E51-E351DCC2AD4D}.Release|Any CPU.ActiveCfg = Release|Any CPU
		{5F99CD27-67FE-4A07-9E51-E351DCC2AD4D}.Release|Any CPU.Build.0 = Release|Any CPU
	EndGlobalSection
	GlobalSection(SolutionProperties) = preSolution
		HideSolutionNode = FALSE
	EndGlobalSection
	GlobalSection(NestedProjects) = preSolution
		{5ABBC6D0-7B4D-49C2-8146-804AB6F72272} = {C532140E-0BDC-498E-A389-5C49C20E8A37}
		{5F99CD27-67FE-4A07-9E51-E351DCC2AD4D} = {5ABBC6D0-7B4D-49C2-8146-804AB6F72272}
	EndGlobalSection
	GlobalSection(ExtensibilityGlobals) = postSolution
		SolutionGuid = {18E6F744-C982-4BEC-83C6-745AB7CC4659}
	EndGlobalSection
EndGlobal
